
Microsoft Visual Studio Solution File, Format Version 12.00
# Visual Studio Version 17
VisualStudioVersion = 17.5.002.0
MinimumVisualStudioVersion = 10.0.40219.1
Project("{9A19103F-16F7-4668-BE54-9A1E7A4F7556}") = "VATNumberValidatorPlugin", "VATNumberValidatorPlugin\VATNumberValidatorPlugin.csproj", "{24B37D11-0748-4156-8794-3BA61C24AD4E}"
EndProject
Global
	GlobalSection(SolutionConfigurationPlatforms) = preSolution
		Debug|Any CPU = Debug|Any CPU
		Release|Any CPU = Release|Any CPU
	EndGlobalSection
	GlobalSection(ProjectConfigurationPlatforms) = postSolution
		{24B37D11-0748-4156-8794-3BA61C24AD4E}.Debug|Any CPU.ActiveCfg = Debug|Any CPU
		{24B37D11-0748-4156-8794-3BA61C24AD4E}.Debug|Any CPU.Build.0 = Debug|Any CPU
		{24B37D11-0748-4156-8794-3BA61C24AD4E}.Release|Any CPU.ActiveCfg = Release|Any CPU
		{24B37D11-0748-4156-8794-3BA61C24AD4E}.Release|Any CPU.Build.0 = Release|Any CPU
	EndGlobalSection
	GlobalSection(SolutionProperties) = preSolution
		HideSolutionNode = FALSE
	EndGlobalSection
	GlobalSection(ExtensibilityGlobals) = postSolution
		SolutionGuid = {272A23CE-387B-4CE1-8431-348346CC06D6}
	EndGlobalSection
EndGlobal
